// !$*UTF8*$!
{
	archiveVersion = 1;
	classes = {
	};
	objectVersion = 46;
	objects = {

/* Begin PBXBuildFile section */
		18E71DF4CFC65933A56D3FDC /* Pods_TFOWepoTests.framework in Frameworks */ = {isa = PBXBuildFile; fileRef = B8E0241D774BEAEE4DE4F551 /* Pods_TFOWepoTests.framework */; };
		238E1A90FBFDF3FD351CB0B9 /* Pods_TFOWepo.framework in Frameworks */ = {isa = PBXBuildFile; fileRef = 10EA8FF072A3B29127738D81 /* Pods_TFOWepo.framework */; };
		FC3A412F1D6181ED000738F2 /* AppDelegate.swift in Sources */ = {isa = PBXBuildFile; fileRef = FC3A412E1D6181ED000738F2 /* AppDelegate.swift */; };
		FC3A41311D6181ED000738F2 /* HomeVC.swift in Sources */ = {isa = PBXBuildFile; fileRef = FC3A41301D6181ED000738F2 /* HomeVC.swift */; };
		FC3A41331D6181ED000738F2 /* SecondViewController.swift in Sources */ = {isa = PBXBuildFile; fileRef = FC3A41321D6181ED000738F2 /* SecondViewController.swift */; };
		FC3A41361D6181ED000738F2 /* Main.storyboard in Resources */ = {isa = PBXBuildFile; fileRef = FC3A41341D6181ED000738F2 /* Main.storyboard */; };
		FC3A41381D6181ED000738F2 /* Assets.xcassets in Resources */ = {isa = PBXBuildFile; fileRef = FC3A41371D6181ED000738F2 /* Assets.xcassets */; };
		FC3A413B1D6181ED000738F2 /* LaunchScreen.storyboard in Resources */ = {isa = PBXBuildFile; fileRef = FC3A41391D6181ED000738F2 /* LaunchScreen.storyboard */; };
		FC3A41461D6181ED000738F2 /* TFOWepoTests.swift in Sources */ = {isa = PBXBuildFile; fileRef = FC3A41451D6181ED000738F2 /* TFOWepoTests.swift */; };
		FC3A41511D6181ED000738F2 /* TFOWepoUITests.swift in Sources */ = {isa = PBXBuildFile; fileRef = FC3A41501D6181ED000738F2 /* TFOWepoUITests.swift */; };
		FC3A415F1D666F96000738F2 /* LoginVC.swift in Sources */ = {isa = PBXBuildFile; fileRef = FC3A415E1D666F96000738F2 /* LoginVC.swift */; };
		FC3A41631D66A351000738F2 /* GoogleService-Info.plist in Resources */ = {isa = PBXBuildFile; fileRef = FC3A41621D66A351000738F2 /* GoogleService-Info.plist */; };
		FC3A416A1D66AE69000738F2 /* UserManager.swift in Sources */ = {isa = PBXBuildFile; fileRef = FC3A41691D66AE69000738F2 /* UserManager.swift */; };
		FC3A416C1D66AF0B000738F2 /* User.swift in Sources */ = {isa = PBXBuildFile; fileRef = FC3A416B1D66AF0B000738F2 /* User.swift */; };
		FC3A416F1D66EA13000738F2 /* UIImageExtension.swift in Sources */ = {isa = PBXBuildFile; fileRef = FC3A416E1D66EA13000738F2 /* UIImageExtension.swift */; };
		FC6CC9A5D32B542EE0E55B59 /* Pods_TFOWepoUITests.framework in Frameworks */ = {isa = PBXBuildFile; fileRef = 263CDDB0552FF690BA0840E3 /* Pods_TFOWepoUITests.framework */; };
		FC9A2D391D6A8ADA00436546 /* RequestTutorVC.swift in Sources */ = {isa = PBXBuildFile; fileRef = FC9A2D381D6A8ADA00436546 /* RequestTutorVC.swift */; };
/* End PBXBuildFile section */

/* Begin PBXContainerItemProxy section */
		FC3A41421D6181ED000738F2 /* PBXContainerItemProxy */ = {
			isa = PBXContainerItemProxy;
			containerPortal = FC3A41231D6181ED000738F2 /* Project object */;
			proxyType = 1;
			remoteGlobalIDString = FC3A412A1D6181ED000738F2;
			remoteInfo = TFOWepo;
		};
		FC3A414D1D6181ED000738F2 /* PBXContainerItemProxy */ = {
			isa = PBXContainerItemProxy;
			containerPortal = FC3A41231D6181ED000738F2 /* Project object */;
			proxyType = 1;
			remoteGlobalIDString = FC3A412A1D6181ED000738F2;
			remoteInfo = TFOWepo;
		};
/* End PBXContainerItemProxy section */

/* Begin PBXFileReference section */
		06D7AA08BC9B482E8751A77B /* Pods-TFOWepo.debug.xcconfig */ = {isa = PBXFileReference; includeInIndex = 1; lastKnownFileType = text.xcconfig; name = "Pods-TFOWepo.debug.xcconfig"; path = "Pods/Target Support Files/Pods-TFOWepo/Pods-TFOWepo.debug.xcconfig"; sourceTree = "<group>"; };
		10EA8FF072A3B29127738D81 /* Pods_TFOWepo.framework */ = {isa = PBXFileReference; explicitFileType = wrapper.framework; includeInIndex = 0; path = Pods_TFOWepo.framework; sourceTree = BUILT_PRODUCTS_DIR; };
		1DDA2D37F374A8D0948D2FDE /* Pods-TFOWepoTests.debug.xcconfig */ = {isa = PBXFileReference; includeInIndex = 1; lastKnownFileType = text.xcconfig; name = "Pods-TFOWepoTests.debug.xcconfig"; path = "Pods/Target Support Files/Pods-TFOWepoTests/Pods-TFOWepoTests.debug.xcconfig"; sourceTree = "<group>"; };
		263CDDB0552FF690BA0840E3 /* Pods_TFOWepoUITests.framework */ = {isa = PBXFileReference; explicitFileType = wrapper.framework; includeInIndex = 0; path = Pods_TFOWepoUITests.framework; sourceTree = BUILT_PRODUCTS_DIR; };
		4CC1687FC656A423EE9579AF /* Pods-TFOWepo.release.xcconfig */ = {isa = PBXFileReference; includeInIndex = 1; lastKnownFileType = text.xcconfig; name = "Pods-TFOWepo.release.xcconfig"; path = "Pods/Target Support Files/Pods-TFOWepo/Pods-TFOWepo.release.xcconfig"; sourceTree = "<group>"; };
		B8E0241D774BEAEE4DE4F551 /* Pods_TFOWepoTests.framework */ = {isa = PBXFileReference; explicitFileType = wrapper.framework; includeInIndex = 0; path = Pods_TFOWepoTests.framework; sourceTree = BUILT_PRODUCTS_DIR; };
		C67722B872E94B9AF1FD1680 /* Pods-TFOWepoUITests.release.xcconfig */ = {isa = PBXFileReference; includeInIndex = 1; lastKnownFileType = text.xcconfig; name = "Pods-TFOWepoUITests.release.xcconfig"; path = "Pods/Target Support Files/Pods-TFOWepoUITests/Pods-TFOWepoUITests.release.xcconfig"; sourceTree = "<group>"; };
		D463A15EA65204D75AA09BCD /* Pods-TFOWepoTests.release.xcconfig */ = {isa = PBXFileReference; includeInIndex = 1; lastKnownFileType = text.xcconfig; name = "Pods-TFOWepoTests.release.xcconfig"; path = "Pods/Target Support Files/Pods-TFOWepoTests/Pods-TFOWepoTests.release.xcconfig"; sourceTree = "<group>"; };
		E73C93E2FB0BDAE1D7BC2CD1 /* Pods-TFOWepoUITests.debug.xcconfig */ = {isa = PBXFileReference; includeInIndex = 1; lastKnownFileType = text.xcconfig; name = "Pods-TFOWepoUITests.debug.xcconfig"; path = "Pods/Target Support Files/Pods-TFOWepoUITests/Pods-TFOWepoUITests.debug.xcconfig"; sourceTree = "<group>"; };
		FC3A412B1D6181ED000738F2 /* TFOWepo.app */ = {isa = PBXFileReference; explicitFileType = wrapper.application; includeInIndex = 0; path = TFOWepo.app; sourceTree = BUILT_PRODUCTS_DIR; };
		FC3A412E1D6181ED000738F2 /* AppDelegate.swift */ = {isa = PBXFileReference; lastKnownFileType = sourcecode.swift; name = AppDelegate.swift; path = TFOWepo/AppDelegate.swift; sourceTree = "<group>"; };
		FC3A41301D6181ED000738F2 /* HomeVC.swift */ = {isa = PBXFileReference; lastKnownFileType = sourcecode.swift; path = HomeVC.swift; sourceTree = "<group>"; };
		FC3A41321D6181ED000738F2 /* SecondViewController.swift */ = {isa = PBXFileReference; lastKnownFileType = sourcecode.swift; path = SecondViewController.swift; sourceTree = "<group>"; };
		FC3A41351D6181ED000738F2 /* Base */ = {isa = PBXFileReference; lastKnownFileType = file.storyboard; name = Base; path = Base.lproj/Main.storyboard; sourceTree = "<group>"; };
		FC3A41371D6181ED000738F2 /* Assets.xcassets */ = {isa = PBXFileReference; lastKnownFileType = folder.assetcatalog; path = Assets.xcassets; sourceTree = "<group>"; };
		FC3A413A1D6181ED000738F2 /* Base */ = {isa = PBXFileReference; lastKnownFileType = file.storyboard; name = Base; path = Base.lproj/LaunchScreen.storyboard; sourceTree = "<group>"; };
		FC3A413C1D6181ED000738F2 /* Info.plist */ = {isa = PBXFileReference; lastKnownFileType = text.plist.xml; path = Info.plist; sourceTree = "<group>"; };
		FC3A41411D6181ED000738F2 /* TFOWepoTests.xctest */ = {isa = PBXFileReference; explicitFileType = wrapper.cfbundle; includeInIndex = 0; path = TFOWepoTests.xctest; sourceTree = BUILT_PRODUCTS_DIR; };
		FC3A41451D6181ED000738F2 /* TFOWepoTests.swift */ = {isa = PBXFileReference; lastKnownFileType = sourcecode.swift; path = TFOWepoTests.swift; sourceTree = "<group>"; };
		FC3A41471D6181ED000738F2 /* Info.plist */ = {isa = PBXFileReference; lastKnownFileType = text.plist.xml; path = Info.plist; sourceTree = "<group>"; };
		FC3A414C1D6181ED000738F2 /* TFOWepoUITests.xctest */ = {isa = PBXFileReference; explicitFileType = wrapper.cfbundle; includeInIndex = 0; path = TFOWepoUITests.xctest; sourceTree = BUILT_PRODUCTS_DIR; };
		FC3A41501D6181ED000738F2 /* TFOWepoUITests.swift */ = {isa = PBXFileReference; lastKnownFileType = sourcecode.swift; path = TFOWepoUITests.swift; sourceTree = "<group>"; };
		FC3A41521D6181ED000738F2 /* Info.plist */ = {isa = PBXFileReference; lastKnownFileType = text.plist.xml; path = Info.plist; sourceTree = "<group>"; };
		FC3A415E1D666F96000738F2 /* LoginVC.swift */ = {isa = PBXFileReference; fileEncoding = 4; lastKnownFileType = sourcecode.swift; path = LoginVC.swift; sourceTree = "<group>"; };
		FC3A41621D66A351000738F2 /* GoogleService-Info.plist */ = {isa = PBXFileReference; fileEncoding = 4; lastKnownFileType = text.plist.xml; name = "GoogleService-Info.plist"; path = "../GoogleService-Info.plist"; sourceTree = "<group>"; };
		FC3A41651D66A4CA000738F2 /* TFOWepo-Bridging-Header.h */ = {isa = PBXFileReference; lastKnownFileType = sourcecode.c.h; path = "TFOWepo-Bridging-Header.h"; sourceTree = "<group>"; };
		FC3A41691D66AE69000738F2 /* UserManager.swift */ = {isa = PBXFileReference; fileEncoding = 4; lastKnownFileType = sourcecode.swift; path = UserManager.swift; sourceTree = "<group>"; };
		FC3A416B1D66AF0B000738F2 /* User.swift */ = {isa = PBXFileReference; fileEncoding = 4; lastKnownFileType = sourcecode.swift; path = User.swift; sourceTree = "<group>"; };
		FC3A416E1D66EA13000738F2 /* UIImageExtension.swift */ = {isa = PBXFileReference; fileEncoding = 4; lastKnownFileType = sourcecode.swift; path = UIImageExtension.swift; sourceTree = "<group>"; };
		FC9A2D381D6A8ADA00436546 /* RequestTutorVC.swift */ = {isa = PBXFileReference; fileEncoding = 4; lastKnownFileType = sourcecode.swift; path = RequestTutorVC.swift; sourceTree = "<group>"; };
/* End PBXFileReference section */

/* Begin PBXFrameworksBuildPhase section */
		FC3A41281D6181ED000738F2 /* Frameworks */ = {
			isa = PBXFrameworksBuildPhase;
			buildActionMask = 2147483647;
			files = (
				238E1A90FBFDF3FD351CB0B9 /* Pods_TFOWepo.framework in Frameworks */,
			);
			runOnlyForDeploymentPostprocessing = 0;
		};
		FC3A413E1D6181ED000738F2 /* Frameworks */ = {
			isa = PBXFrameworksBuildPhase;
			buildActionMask = 2147483647;
			files = (
				18E71DF4CFC65933A56D3FDC /* Pods_TFOWepoTests.framework in Frameworks */,
			);
			runOnlyForDeploymentPostprocessing = 0;
		};
		FC3A41491D6181ED000738F2 /* Frameworks */ = {
			isa = PBXFrameworksBuildPhase;
			buildActionMask = 2147483647;
			files = (
				FC6CC9A5D32B542EE0E55B59 /* Pods_TFOWepoUITests.framework in Frameworks */,
			);
			runOnlyForDeploymentPostprocessing = 0;
		};
/* End PBXFrameworksBuildPhase section */

/* Begin PBXGroup section */
		16E1729DE7096D49E23B0FFE /* Frameworks */ = {
			isa = PBXGroup;
			children = (
				10EA8FF072A3B29127738D81 /* Pods_TFOWepo.framework */,
				B8E0241D774BEAEE4DE4F551 /* Pods_TFOWepoTests.framework */,
				263CDDB0552FF690BA0840E3 /* Pods_TFOWepoUITests.framework */,
			);
			name = Frameworks;
			sourceTree = "<group>";
		};
		DD2E9312F576DFD0A8F73CEF /* Pods */ = {
			isa = PBXGroup;
			children = (
				06D7AA08BC9B482E8751A77B /* Pods-TFOWepo.debug.xcconfig */,
				4CC1687FC656A423EE9579AF /* Pods-TFOWepo.release.xcconfig */,
				1DDA2D37F374A8D0948D2FDE /* Pods-TFOWepoTests.debug.xcconfig */,
				D463A15EA65204D75AA09BCD /* Pods-TFOWepoTests.release.xcconfig */,
				E73C93E2FB0BDAE1D7BC2CD1 /* Pods-TFOWepoUITests.debug.xcconfig */,
				C67722B872E94B9AF1FD1680 /* Pods-TFOWepoUITests.release.xcconfig */,
			);
			name = Pods;
			sourceTree = "<group>";
		};
		FC3A41221D6181ED000738F2 = {
			isa = PBXGroup;
			children = (
				FC3A412E1D6181ED000738F2 /* AppDelegate.swift */,
				FC3A41651D66A4CA000738F2 /* TFOWepo-Bridging-Header.h */,
				FC3A412D1D6181ED000738F2 /* TFOWepo */,
				FC3A41441D6181ED000738F2 /* TFOWepoTests */,
				FC3A414F1D6181ED000738F2 /* TFOWepoUITests */,
				FC3A412C1D6181ED000738F2 /* Products */,
				DD2E9312F576DFD0A8F73CEF /* Pods */,
				16E1729DE7096D49E23B0FFE /* Frameworks */,
			);
			sourceTree = "<group>";
		};
		FC3A412C1D6181ED000738F2 /* Products */ = {
			isa = PBXGroup;
			children = (
				FC3A412B1D6181ED000738F2 /* TFOWepo.app */,
				FC3A41411D6181ED000738F2 /* TFOWepoTests.xctest */,
				FC3A414C1D6181ED000738F2 /* TFOWepoUITests.xctest */,
			);
			name = Products;
			sourceTree = "<group>";
		};
		FC3A412D1D6181ED000738F2 /* TFOWepo */ = {
			isa = PBXGroup;
			children = (
				FC3A416D1D66EA01000738F2 /* Helpers */,
				FC3A41681D66AE60000738F2 /* Models */,
				FC3A41601D666F9F000738F2 /* Views */,
				FC3A41611D666FA6000738F2 /* Controllers */,
				FC3A41371D6181ED000738F2 /* Assets.xcassets */,
				FC3A41621D66A351000738F2 /* GoogleService-Info.plist */,
				FC3A413C1D6181ED000738F2 /* Info.plist */,
			);
			path = TFOWepo;
			sourceTree = "<group>";
		};
		FC3A41441D6181ED000738F2 /* TFOWepoTests */ = {
			isa = PBXGroup;
			children = (
				FC3A41451D6181ED000738F2 /* TFOWepoTests.swift */,
				FC3A41471D6181ED000738F2 /* Info.plist */,
			);
			path = TFOWepoTests;
			sourceTree = "<group>";
		};
		FC3A414F1D6181ED000738F2 /* TFOWepoUITests */ = {
			isa = PBXGroup;
			children = (
				FC3A41501D6181ED000738F2 /* TFOWepoUITests.swift */,
				FC3A41521D6181ED000738F2 /* Info.plist */,
			);
			path = TFOWepoUITests;
			sourceTree = "<group>";
		};
		FC3A41601D666F9F000738F2 /* Views */ = {
			isa = PBXGroup;
			children = (
				FC3A41341D6181ED000738F2 /* Main.storyboard */,
				FC3A41391D6181ED000738F2 /* LaunchScreen.storyboard */,
			);
			name = Views;
			sourceTree = "<group>";
		};
		FC3A41611D666FA6000738F2 /* Controllers */ = {
			isa = PBXGroup;
			children = (
				FC3A415E1D666F96000738F2 /* LoginVC.swift */,
				FC3A41301D6181ED000738F2 /* HomeVC.swift */,
				FC3A41321D6181ED000738F2 /* SecondViewController.swift */,
				FC9A2D381D6A8ADA00436546 /* RequestTutorVC.swift */,
			);
			name = Controllers;
			sourceTree = "<group>";
		};
		FC3A41681D66AE60000738F2 /* Models */ = {
			isa = PBXGroup;
			children = (
				FC3A41691D66AE69000738F2 /* UserManager.swift */,
				FC3A416B1D66AF0B000738F2 /* User.swift */,
			);
			name = Models;
			sourceTree = "<group>";
		};
		FC3A416D1D66EA01000738F2 /* Helpers */ = {
			isa = PBXGroup;
			children = (
				FC3A416E1D66EA13000738F2 /* UIImageExtension.swift */,
			);
			name = Helpers;
			sourceTree = "<group>";
		};
/* End PBXGroup section */

/* Begin PBXNativeTarget section */
		FC3A412A1D6181ED000738F2 /* TFOWepo */ = {
			isa = PBXNativeTarget;
			buildConfigurationList = FC3A41551D6181ED000738F2 /* Build configuration list for PBXNativeTarget "TFOWepo" */;
			buildPhases = (
				0A59974B106F1B710F9ACE20 /* 📦 Check Pods Manifest.lock */,
				FC3A41271D6181ED000738F2 /* Sources */,
				FC3A41281D6181ED000738F2 /* Frameworks */,
				FC3A41291D6181ED000738F2 /* Resources */,
				764701F7372928D5FBDEF8E0 /* 📦 Embed Pods Frameworks */,
				5473356D1B17ED9715A9A308 /* 📦 Copy Pods Resources */,
			);
			buildRules = (
			);
			dependencies = (
			);
			name = TFOWepo;
			productName = TFOWepo;
			productReference = FC3A412B1D6181ED000738F2 /* TFOWepo.app */;
			productType = "com.apple.product-type.application";
		};
		FC3A41401D6181ED000738F2 /* TFOWepoTests */ = {
			isa = PBXNativeTarget;
			buildConfigurationList = FC3A41581D6181ED000738F2 /* Build configuration list for PBXNativeTarget "TFOWepoTests" */;
			buildPhases = (
				76C77259F1B3DB2BDAF31869 /* 📦 Check Pods Manifest.lock */,
				FC3A413D1D6181ED000738F2 /* Sources */,
				FC3A413E1D6181ED000738F2 /* Frameworks */,
				FC3A413F1D6181ED000738F2 /* Resources */,
				1FA503F8791CD079AC4BA5EC /* 📦 Embed Pods Frameworks */,
				1D49B9A6BEB640C1ED545AEF /* 📦 Copy Pods Resources */,
			);
			buildRules = (
			);
			dependencies = (
				FC3A41431D6181ED000738F2 /* PBXTargetDependency */,
			);
			name = TFOWepoTests;
			productName = TFOWepoTests;
			productReference = FC3A41411D6181ED000738F2 /* TFOWepoTests.xctest */;
			productType = "com.apple.product-type.bundle.unit-test";
		};
		FC3A414B1D6181ED000738F2 /* TFOWepoUITests */ = {
			isa = PBXNativeTarget;
			buildConfigurationList = FC3A415B1D6181ED000738F2 /* Build configuration list for PBXNativeTarget "TFOWepoUITests" */;
			buildPhases = (
				00A05AECCC050B6273331E02 /* 📦 Check Pods Manifest.lock */,
				FC3A41481D6181ED000738F2 /* Sources */,
				FC3A41491D6181ED000738F2 /* Frameworks */,
				FC3A414A1D6181ED000738F2 /* Resources */,
				D5A1A43F7CB64D754A6A58CD /* 📦 Copy Pods Resources */,
			);
			buildRules = (
			);
			dependencies = (
				FC3A414E1D6181ED000738F2 /* PBXTargetDependency */,
			);
			name = TFOWepoUITests;
			productName = TFOWepoUITests;
			productReference = FC3A414C1D6181ED000738F2 /* TFOWepoUITests.xctest */;
			productType = "com.apple.product-type.bundle.ui-testing";
		};
/* End PBXNativeTarget section */

/* Begin PBXProject section */
		FC3A41231D6181ED000738F2 /* Project object */ = {
			isa = PBXProject;
			attributes = {
				LastSwiftUpdateCheck = 0730;
				LastUpgradeCheck = 0730;
				ORGANIZATIONNAME = "DIG Productions";
				TargetAttributes = {
					FC3A412A1D6181ED000738F2 = {
						CreatedOnToolsVersion = 7.3.1;
					};
					FC3A41401D6181ED000738F2 = {
						CreatedOnToolsVersion = 7.3.1;
						TestTargetID = FC3A412A1D6181ED000738F2;
					};
					FC3A414B1D6181ED000738F2 = {
						CreatedOnToolsVersion = 7.3.1;
						TestTargetID = FC3A412A1D6181ED000738F2;
					};
				};
			};
			buildConfigurationList = FC3A41261D6181ED000738F2 /* Build configuration list for PBXProject "TFOWepo" */;
			compatibilityVersion = "Xcode 3.2";
			developmentRegion = English;
			hasScannedForEncodings = 0;
			knownRegions = (
				en,
				Base,
			);
			mainGroup = FC3A41221D6181ED000738F2;
			productRefGroup = FC3A412C1D6181ED000738F2 /* Products */;
			projectDirPath = "";
			projectRoot = "";
			targets = (
				FC3A412A1D6181ED000738F2 /* TFOWepo */,
				FC3A41401D6181ED000738F2 /* TFOWepoTests */,
				FC3A414B1D6181ED000738F2 /* TFOWepoUITests */,
			);
		};
/* End PBXProject section */

/* Begin PBXResourcesBuildPhase section */
		FC3A41291D6181ED000738F2 /* Resources */ = {
			isa = PBXResourcesBuildPhase;
			buildActionMask = 2147483647;
			files = (
				FC3A413B1D6181ED000738F2 /* LaunchScreen.storyboard in Resources */,
				FC3A41631D66A351000738F2 /* GoogleService-Info.plist in Resources */,
				FC3A41381D6181ED000738F2 /* Assets.xcassets in Resources */,
				FC3A41361D6181ED000738F2 /* Main.storyboard in Resources */,
			);
			runOnlyForDeploymentPostprocessing = 0;
		};
		FC3A413F1D6181ED000738F2 /* Resources */ = {
			isa = PBXResourcesBuildPhase;
			buildActionMask = 2147483647;
			files = (
			);
			runOnlyForDeploymentPostprocessing = 0;
		};
		FC3A414A1D6181ED000738F2 /* Resources */ = {
			isa = PBXResourcesBuildPhase;
			buildActionMask = 2147483647;
			files = (
			);
			runOnlyForDeploymentPostprocessing = 0;
		};
/* End PBXResourcesBuildPhase section */

/* Begin PBXShellScriptBuildPhase section */
		00A05AECCC050B6273331E02 /* 📦 Check Pods Manifest.lock */ = {
			isa = PBXShellScriptBuildPhase;
			buildActionMask = 2147483647;
			files = (
			);
			inputPaths = (
			);
			name = "📦 Check Pods Manifest.lock";
			outputPaths = (
			);
			runOnlyForDeploymentPostprocessing = 0;
			shellPath = /bin/sh;
			shellScript = "diff \"${PODS_ROOT}/../Podfile.lock\" \"${PODS_ROOT}/Manifest.lock\" > /dev/null\nif [[ $? != 0 ]] ; then\n    cat << EOM\nerror: The sandbox is not in sync with the Podfile.lock. Run 'pod install' or update your CocoaPods installation.\nEOM\n    exit 1\nfi\n";
			showEnvVarsInLog = 0;
		};
		0A59974B106F1B710F9ACE20 /* 📦 Check Pods Manifest.lock */ = {
			isa = PBXShellScriptBuildPhase;
			buildActionMask = 2147483647;
			files = (
			);
			inputPaths = (
			);
			name = "📦 Check Pods Manifest.lock";
			outputPaths = (
			);
			runOnlyForDeploymentPostprocessing = 0;
			shellPath = /bin/sh;
			shellScript = "diff \"${PODS_ROOT}/../Podfile.lock\" \"${PODS_ROOT}/Manifest.lock\" > /dev/null\nif [[ $? != 0 ]] ; then\n    cat << EOM\nerror: The sandbox is not in sync with the Podfile.lock. Run 'pod install' or update your CocoaPods installation.\nEOM\n    exit 1\nfi\n";
			showEnvVarsInLog = 0;
		};
		1D49B9A6BEB640C1ED545AEF /* 📦 Copy Pods Resources */ = {
			isa = PBXShellScriptBuildPhase;
			buildActionMask = 2147483647;
			files = (
			);
			inputPaths = (
			);
			name = "📦 Copy Pods Resources";
			outputPaths = (
			);
			runOnlyForDeploymentPostprocessing = 0;
			shellPath = /bin/sh;
			shellScript = "\"${SRCROOT}/Pods/Target Support Files/Pods-TFOWepoTests/Pods-TFOWepoTests-resources.sh\"\n";
			showEnvVarsInLog = 0;
		};
		1FA503F8791CD079AC4BA5EC /* 📦 Embed Pods Frameworks */ = {
			isa = PBXShellScriptBuildPhase;
			buildActionMask = 2147483647;
			files = (
			);
			inputPaths = (
			);
			name = "📦 Embed Pods Frameworks";
			outputPaths = (
			);
			runOnlyForDeploymentPostprocessing = 0;
			shellPath = /bin/sh;
			shellScript = "\"${SRCROOT}/Pods/Target Support Files/Pods-TFOWepoTests/Pods-TFOWepoTests-frameworks.sh\"\n";
			showEnvVarsInLog = 0;
		};
		5473356D1B17ED9715A9A308 /* 📦 Copy Pods Resources */ = {
			isa = PBXShellScriptBuildPhase;
			buildActionMask = 2147483647;
			files = (
			);
			inputPaths = (
			);
			name = "📦 Copy Pods Resources";
			outputPaths = (
			);
			runOnlyForDeploymentPostprocessing = 0;
			shellPath = /bin/sh;
			shellScript = "\"${SRCROOT}/Pods/Target Support Files/Pods-TFOWepo/Pods-TFOWepo-resources.sh\"\n";
			showEnvVarsInLog = 0;
		};
		764701F7372928D5FBDEF8E0 /* 📦 Embed Pods Frameworks */ = {
			isa = PBXShellScriptBuildPhase;
			buildActionMask = 2147483647;
			files = (
			);
			inputPaths = (
			);
			name = "📦 Embed Pods Frameworks";
			outputPaths = (
			);
			runOnlyForDeploymentPostprocessing = 0;
			shellPath = /bin/sh;
			shellScript = "\"${SRCROOT}/Pods/Target Support Files/Pods-TFOWepo/Pods-TFOWepo-frameworks.sh\"\n";
			showEnvVarsInLog = 0;
		};
		76C77259F1B3DB2BDAF31869 /* 📦 Check Pods Manifest.lock */ = {
			isa = PBXShellScriptBuildPhase;
			buildActionMask = 2147483647;
			files = (
			);
			inputPaths = (
			);
			name = "📦 Check Pods Manifest.lock";
			outputPaths = (
			);
			runOnlyForDeploymentPostprocessing = 0;
			shellPath = /bin/sh;
			shellScript = "diff \"${PODS_ROOT}/../Podfile.lock\" \"${PODS_ROOT}/Manifest.lock\" > /dev/null\nif [[ $? != 0 ]] ; then\n    cat << EOM\nerror: The sandbox is not in sync with the Podfile.lock. Run 'pod install' or update your CocoaPods installation.\nEOM\n    exit 1\nfi\n";
			showEnvVarsInLog = 0;
		};
		D5A1A43F7CB64D754A6A58CD /* 📦 Copy Pods Resources */ = {
			isa = PBXShellScriptBuildPhase;
			buildActionMask = 2147483647;
			files = (
			);
			inputPaths = (
			);
			name = "📦 Copy Pods Resources";
			outputPaths = (
			);
			runOnlyForDeploymentPostprocessing = 0;
			shellPath = /bin/sh;
			shellScript = "\"${SRCROOT}/Pods/Target Support Files/Pods-TFOWepoUITests/Pods-TFOWepoUITests-resources.sh\"\n";
			showEnvVarsInLog = 0;
		};
/* End PBXShellScriptBuildPhase section */

/* Begin PBXSourcesBuildPhase section */
		FC3A41271D6181ED000738F2 /* Sources */ = {
			isa = PBXSourcesBuildPhase;
			buildActionMask = 2147483647;
			files = (
				FC3A41331D6181ED000738F2 /* SecondViewController.swift in Sources */,
				FC3A412F1D6181ED000738F2 /* AppDelegate.swift in Sources */,
				FC3A416C1D66AF0B000738F2 /* User.swift in Sources */,
				FC3A416F1D66EA13000738F2 /* UIImageExtension.swift in Sources */,
				FC3A415F1D666F96000738F2 /* LoginVC.swift in Sources */,
				FC3A416A1D66AE69000738F2 /* UserManager.swift in Sources */,
				FC3A41311D6181ED000738F2 /* HomeVC.swift in Sources */,
				FC9A2D391D6A8ADA00436546 /* RequestTutorVC.swift in Sources */,
			);
			runOnlyForDeploymentPostprocessing = 0;
		};
		FC3A413D1D6181ED000738F2 /* Sources */ = {
			isa = PBXSourcesBuildPhase;
			buildActionMask = 2147483647;
			files = (
				FC3A41461D6181ED000738F2 /* TFOWepoTests.swift in Sources */,
			);
			runOnlyForDeploymentPostprocessing = 0;
		};
		FC3A41481D6181ED000738F2 /* Sources */ = {
			isa = PBXSourcesBuildPhase;
			buildActionMask = 2147483647;
			files = (
				FC3A41511D6181ED000738F2 /* TFOWepoUITests.swift in Sources */,
			);
			runOnlyForDeploymentPostprocessing = 0;
		};
/* End PBXSourcesBuildPhase section */

/* Begin PBXTargetDependency section */
		FC3A41431D6181ED000738F2 /* PBXTargetDependency */ = {
			isa = PBXTargetDependency;
			target = FC3A412A1D6181ED000738F2 /* TFOWepo */;
			targetProxy = FC3A41421D6181ED000738F2 /* PBXContainerItemProxy */;
		};
		FC3A414E1D6181ED000738F2 /* PBXTargetDependency */ = {
			isa = PBXTargetDependency;
			target = FC3A412A1D6181ED000738F2 /* TFOWepo */;
			targetProxy = FC3A414D1D6181ED000738F2 /* PBXContainerItemProxy */;
		};
/* End PBXTargetDependency section */

/* Begin PBXVariantGroup section */
		FC3A41341D6181ED000738F2 /* Main.storyboard */ = {
			isa = PBXVariantGroup;
			children = (
				FC3A41351D6181ED000738F2 /* Base */,
			);
			name = Main.storyboard;
			sourceTree = "<group>";
		};
		FC3A41391D6181ED000738F2 /* LaunchScreen.storyboard */ = {
			isa = PBXVariantGroup;
			children = (
				FC3A413A1D6181ED000738F2 /* Base */,
			);
			name = LaunchScreen.storyboard;
			sourceTree = "<group>";
		};
/* End PBXVariantGroup section */

/* Begin XCBuildConfiguration section */
		FC3A41531D6181ED000738F2 /* Debug */ = {
			isa = XCBuildConfiguration;
			buildSettings = {
				ALWAYS_SEARCH_USER_PATHS = NO;
				CLANG_ANALYZER_NONNULL = YES;
				CLANG_CXX_LANGUAGE_STANDARD = "gnu++0x";
				CLANG_CXX_LIBRARY = "libc++";
				CLANG_ENABLE_MODULES = YES;
				CLANG_ENABLE_OBJC_ARC = YES;
				CLANG_WARN_BOOL_CONVERSION = YES;
				CLANG_WARN_CONSTANT_CONVERSION = YES;
				CLANG_WARN_DIRECT_OBJC_ISA_USAGE = YES_ERROR;
				CLANG_WARN_EMPTY_BODY = YES;
				CLANG_WARN_ENUM_CONVERSION = YES;
				CLANG_WARN_INT_CONVERSION = YES;
				CLANG_WARN_OBJC_ROOT_CLASS = YES_ERROR;
				CLANG_WARN_UNREACHABLE_CODE = YES;
				CLANG_WARN__DUPLICATE_METHOD_MATCH = YES;
				"CODE_SIGN_IDENTITY[sdk=iphoneos*]" = "iPhone Developer";
				COPY_PHASE_STRIP = NO;
				DEBUG_INFORMATION_FORMAT = dwarf;
				ENABLE_STRICT_OBJC_MSGSEND = YES;
				ENABLE_TESTABILITY = YES;
				GCC_C_LANGUAGE_STANDARD = gnu99;
				GCC_DYNAMIC_NO_PIC = NO;
				GCC_NO_COMMON_BLOCKS = YES;
				GCC_OPTIMIZATION_LEVEL = 0;
				GCC_PREPROCESSOR_DEFINITIONS = (
					"DEBUG=1",
					"$(inherited)",
				);
				GCC_WARN_64_TO_32_BIT_CONVERSION = YES;
				GCC_WARN_ABOUT_RETURN_TYPE = YES_ERROR;
				GCC_WARN_UNDECLARED_SELECTOR = YES;
				GCC_WARN_UNINITIALIZED_AUTOS = YES_AGGRESSIVE;
				GCC_WARN_UNUSED_FUNCTION = YES;
				GCC_WARN_UNUSED_VARIABLE = YES;
				IPHONEOS_DEPLOYMENT_TARGET = 9.3;
				MTL_ENABLE_DEBUG_INFO = YES;
				ONLY_ACTIVE_ARCH = YES;
				SDKROOT = iphoneos;
				SWIFT_OPTIMIZATION_LEVEL = "-Onone";
				TARGETED_DEVICE_FAMILY = "1,2";
			};
			name = Debug;
		};
		FC3A41541D6181ED000738F2 /* Release */ = {
			isa = XCBuildConfiguration;
			buildSettings = {
				ALWAYS_SEARCH_USER_PATHS = NO;
				CLANG_ANALYZER_NONNULL = YES;
				CLANG_CXX_LANGUAGE_STANDARD = "gnu++0x";
				CLANG_CXX_LIBRARY = "libc++";
				CLANG_ENABLE_MODULES = YES;
				CLANG_ENABLE_OBJC_ARC = YES;
				CLANG_WARN_BOOL_CONVERSION = YES;
				CLANG_WARN_CONSTANT_CONVERSION = YES;
				CLANG_WARN_DIRECT_OBJC_ISA_USAGE = YES_ERROR;
				CLANG_WARN_EMPTY_BODY = YES;
				CLANG_WARN_ENUM_CONVERSION = YES;
				CLANG_WARN_INT_CONVERSION = YES;
				CLANG_WARN_OBJC_ROOT_CLASS = YES_ERROR;
				CLANG_WARN_UNREACHABLE_CODE = YES;
				CLANG_WARN__DUPLICATE_METHOD_MATCH = YES;
				"CODE_SIGN_IDENTITY[sdk=iphoneos*]" = "iPhone Developer";
				COPY_PHASE_STRIP = NO;
				DEBUG_INFORMATION_FORMAT = "dwarf-with-dsym";
				ENABLE_NS_ASSERTIONS = NO;
				ENABLE_STRICT_OBJC_MSGSEND = YES;
				GCC_C_LANGUAGE_STANDARD = gnu99;
				GCC_NO_COMMON_BLOCKS = YES;
				GCC_WARN_64_TO_32_BIT_CONVERSION = YES;
				GCC_WARN_ABOUT_RETURN_TYPE = YES_ERROR;
				GCC_WARN_UNDECLARED_SELECTOR = YES;
				GCC_WARN_UNINITIALIZED_AUTOS = YES_AGGRESSIVE;
				GCC_WARN_UNUSED_FUNCTION = YES;
				GCC_WARN_UNUSED_VARIABLE = YES;
				IPHONEOS_DEPLOYMENT_TARGET = 9.3;
				MTL_ENABLE_DEBUG_INFO = NO;
				SDKROOT = iphoneos;
				TARGETED_DEVICE_FAMILY = "1,2";
				VALIDATE_PRODUCT = YES;
			};
			name = Release;
		};
		FC3A41561D6181ED000738F2 /* Debug */ = {
			isa = XCBuildConfiguration;
			baseConfigurationReference = 06D7AA08BC9B482E8751A77B /* Pods-TFOWepo.debug.xcconfig */;
			buildSettings = {
				ASSETCATALOG_COMPILER_APPICON_NAME = AppIcon;
				CLANG_ENABLE_MODULES = YES;
				INFOPLIST_FILE = TFOWepo/Info.plist;
				LD_RUNPATH_SEARCH_PATHS = "$(inherited) @executable_path/Frameworks";
				PRODUCT_BUNDLE_IDENTIFIER = com.digprod.TFOWepo;
				PRODUCT_NAME = "$(TARGET_NAME)";
				SWIFT_OBJC_BRIDGING_HEADER = "TFOWepo-Bridging-Header.h";
				SWIFT_OPTIMIZATION_LEVEL = "-Onone";
			};
			name = Debug;
		};
		FC3A41571D6181ED000738F2 /* Release */ = {
			isa = XCBuildConfiguration;
			baseConfigurationReference = 4CC1687FC656A423EE9579AF /* Pods-TFOWepo.release.xcconfig */;
			buildSettings = {
				ASSETCATALOG_COMPILER_APPICON_NAME = AppIcon;
				CLANG_ENABLE_MODULES = YES;
				INFOPLIST_FILE = TFOWepo/Info.plist;
				LD_RUNPATH_SEARCH_PATHS = "$(inherited) @executable_path/Frameworks";
				PRODUCT_BUNDLE_IDENTIFIER = com.digprod.TFOWepo;
				PRODUCT_NAME = "$(TARGET_NAME)";
				SWIFT_OBJC_BRIDGING_HEADER = "TFOWepo-Bridging-Header.h";
			};
			name = Release;
		};
		FC3A41591D6181ED000738F2 /* Debug */ = {
			isa = XCBuildConfiguration;
			baseConfigurationReference = 1DDA2D37F374A8D0948D2FDE /* Pods-TFOWepoTests.debug.xcconfig */;
			buildSettings = {
				BUNDLE_LOADER = "$(TEST_HOST)";
				INFOPLIST_FILE = TFOWepoTests/Info.plist;
				LD_RUNPATH_SEARCH_PATHS = "$(inherited) @executable_path/Frameworks @loader_path/Frameworks";
				PRODUCT_BUNDLE_IDENTIFIER = com.digprod.TFOWepoTests;
				PRODUCT_NAME = "$(TARGET_NAME)";
				TEST_HOST = "$(BUILT_PRODUCTS_DIR)/TFOWepo.app/TFOWepo";
			};
			name = Debug;
		};
		FC3A415A1D6181ED000738F2 /* Release */ = {
			isa = XCBuildConfiguration;
			baseConfigurationReference = D463A15EA65204D75AA09BCD /* Pods-TFOWepoTests.release.xcconfig */;
			buildSettings = {
				BUNDLE_LOADER = "$(TEST_HOST)";
				INFOPLIST_FILE = TFOWepoTests/Info.plist;
				LD_RUNPATH_SEARCH_PATHS = "$(inherited) @executable_path/Frameworks @loader_path/Frameworks";
				PRODUCT_BUNDLE_IDENTIFIER = com.digprod.TFOWepoTests;
				PRODUCT_NAME = "$(TARGET_NAME)";
				TEST_HOST = "$(BUILT_PRODUCTS_DIR)/TFOWepo.app/TFOWepo";
			};
			name = Release;
		};
		FC3A415C1D6181ED000738F2 /* Debug */ = {
			isa = XCBuildConfiguration;
			baseConfigurationReference = E73C93E2FB0BDAE1D7BC2CD1 /* Pods-TFOWepoUITests.debug.xcconfig */;
			buildSettings = {
				INFOPLIST_FILE = TFOWepoUITests/Info.plist;
				LD_RUNPATH_SEARCH_PATHS = "$(inherited) @executable_path/Frameworks @loader_path/Frameworks";
				PRODUCT_BUNDLE_IDENTIFIER = com.digprod.TFOWepoUITests;
				PRODUCT_NAME = "$(TARGET_NAME)";
				TEST_TARGET_NAME = TFOWepo;
			};
			name = Debug;
		};
		FC3A415D1D6181ED000738F2 /* Release */ = {
			isa = XCBuildConfiguration;
			baseConfigurationReference = C67722B872E94B9AF1FD1680 /* Pods-TFOWepoUITests.release.xcconfig */;
			buildSettings = {
				INFOPLIST_FILE = TFOWepoUITests/Info.plist;
				LD_RUNPATH_SEARCH_PATHS = "$(inherited) @executable_path/Frameworks @loader_path/Frameworks";
				PRODUCT_BUNDLE_IDENTIFIER = com.digprod.TFOWepoUITests;
				PRODUCT_NAME = "$(TARGET_NAME)";
				TEST_TARGET_NAME = TFOWepo;
			};
			name = Release;
		};
/* End XCBuildConfiguration section */

/* Begin XCConfigurationList section */
		FC3A41261D6181ED000738F2 /* Build configuration list for PBXProject "TFOWepo" */ = {
			isa = XCConfigurationList;
			buildConfigurations = (
				FC3A41531D6181ED000738F2 /* Debug */,
				FC3A41541D6181ED000738F2 /* Release */,
			);
			defaultConfigurationIsVisible = 0;
			defaultConfigurationName = Release;
		};
		FC3A41551D6181ED000738F2 /* Build configuration list for PBXNativeTarget "TFOWepo" */ = {
			isa = XCConfigurationList;
			buildConfigurations = (
				FC3A41561D6181ED000738F2 /* Debug */,
				FC3A41571D6181ED000738F2 /* Release */,
			);
			defaultConfigurationIsVisible = 0;
			defaultConfigurationName = Release;
		};
		FC3A41581D6181ED000738F2 /* Build configuration list for PBXNativeTarget "TFOWepoTests" */ = {
			isa = XCConfigurationList;
			buildConfigurations = (
				FC3A41591D6181ED000738F2 /* Debug */,
				FC3A415A1D6181ED000738F2 /* Release */,
			);
			defaultConfigurationIsVisible = 0;
			defaultConfigurationName = Release;
		};
		FC3A415B1D6181ED000738F2 /* Build configuration list for PBXNativeTarget "TFOWepoUITests" */ = {
			isa = XCConfigurationList;
			buildConfigurations = (
				FC3A415C1D6181ED000738F2 /* Debug */,
				FC3A415D1D6181ED000738F2 /* Release */,
			);
			defaultConfigurationIsVisible = 0;
			defaultConfigurationName = Release;
		};
/* End XCConfigurationList section */
	};
	rootObject = FC3A41231D6181ED000738F2 /* Project object */;
}
